
Microsoft Visual Studio Solution File, Format Version 12.00
# Visual Studio Version 17
VisualStudioVersion = 17.0.31903.59
MinimumVisualStudioVersion = 10.0.40219.1
Project("{2150E333-8FDC-42A3-9474-1A3956D46DE8}") = "src", "src", "{827E0CD3-B72D-47B6-A68D-7590B98EB39B}"
EndProject
Project("{2150E333-8FDC-42A3-9474-1A3956D46DE8}") = "BuildingBlocks", "BuildingBlocks", "{90298CBA-BD6F-3A0A-69D5-97CAD7B05E7E}"
EndProject
Project("{FAE04EC0-301F-11D3-BF4B-00C04F79EFBC}") = "FinTech.BuildingBlocks.Application", "src\BuildingBlocks\FinTech.BuildingBlocks.Application\FinTech.BuildingBlocks.Application.csproj", "{92D07833-4738-447D-88AB-0B2600DC5472}"
EndProject
Project("{FAE04EC0-301F-11D3-BF4B-00C04F79EFBC}") = "FinTech.BuildingBlocks.Infrastructure", "src\BuildingBlocks\FinTech.BuildingBlocks.Infrastructure\FinTech.BuildingBlocks.Infrastructure.csproj", "{2D49DBB3-5164-4FA3-95AC-038A290988FC}"
EndProject
Project("{FAE04EC0-301F-11D3-BF4B-00C04F79EFBC}") = "FinTech.BuildingBlocks.Web", "src\BuildingBlocks\FinTech.BuildingBlocks.Web\FinTech.BuildingBlocks.Web.csproj", "{5405F162-05EC-4499-A632-50E5C9FCF6DE}"
EndProject
Project("{FAE04EC0-301F-11D3-BF4B-00C04F79EFBC}") = "FinTech.SharedKernel", "src\BuildingBlocks\FinTech.SharedKernel\FinTech.SharedKernel.csproj", "{D7BD7C2E-E836-43E7-B2BA-29732D806071}"
EndProject
Project("{2150E333-8FDC-42A3-9474-1A3956D46DE8}") = "Hosts", "Hosts", "{C79C3622-AC92-5B3C-4F71-0BD0E7B3816F}"
EndProject
Project("{FAE04EC0-301F-11D3-BF4B-00C04F79EFBC}") = "FinTech.Api", "src\Hosts\FinTech.Api\FinTech.Api.csproj", "{3330C079-BC0A-408C-9A5B-822291304746}"
EndProject
Project("{FAE04EC0-301F-11D3-BF4B-00C04F79EFBC}") = "FinTech.Worker", "src\Hosts\FinTech.Worker\FinTech.Worker.csproj", "{E65565F0-8173-4A2F-AAD3-98D21A1A727B}"
EndProject
Project("{2150E333-8FDC-42A3-9474-1A3956D46DE8}") = "Modules", "Modules", "{EC447DCF-ABFA-6E24-52A5-D7FD48A5C558}"
EndProject
Project("{2150E333-8FDC-42A3-9474-1A3956D46DE8}") = "Ledger", "Ledger", "{94CA1A96-709C-708D-86F4-C17510E77C63}"
EndProject
Project("{FAE04EC0-301F-11D3-BF4B-00C04F79EFBC}") = "FinTech.Modules.Ledger.Application", "src\Modules\Ledger\FinTech.Modules.Ledger.Application\FinTech.Modules.Ledger.Application.csproj", "{6354AF2E-5E75-44C3-B742-5EA97F6D0978}"
EndProject
Project("{FAE04EC0-301F-11D3-BF4B-00C04F79EFBC}") = "FinTech.Modules.Ledger.Contracts", "src\Modules\Ledger\FinTech.Modules.Ledger.Contracts\FinTech.Modules.Ledger.Contracts.csproj", "{91FF5FB0-73D0-4CC1-ADA2-BDBDE82F53AC}"
EndProject
Project("{FAE04EC0-301F-11D3-BF4B-00C04F79EFBC}") = "FinTech.Modules.Ledger.Domain", "src\Modules\Ledger\FinTech.Modules.Ledger.Domain\FinTech.Modules.Ledger.Domain.csproj", "{2FBF471D-1181-4DBD-A558-9E3779EDC0BC}"
EndProject
Project("{FAE04EC0-301F-11D3-BF4B-00C04F79EFBC}") = "FinTech.Modules.Ledger.Infrastructure", "src\Modules\Ledger\FinTech.Modules.Ledger.Infrastructure\FinTech.Modules.Ledger.Infrastructure.csproj", "{5D8D3DFF-24D4-468C-8629-372C93609ED2}"
EndProject
Project("{FAE04EC0-301F-11D3-BF4B-00C04F79EFBC}") = "FinTech.Modules.Ledger.Presentation", "src\Modules\Ledger\FinTech.Modules.Ledger.Presentation\FinTech.Modules.Ledger.Presentation.csproj", "{637798C2-BD9A-4642-8489-D4C1E250F64A}"
EndProject
Project("{2150E333-8FDC-42A3-9474-1A3956D46DE8}") = "tests", "tests", "{0AB3BF05-4346-4AA6-1389-037BE0695223}"
EndProject
Project("{FAE04EC0-301F-11D3-BF4B-00C04F79EFBC}") = "FinTech.ArchitectureTests", "tests\FinTech.ArchitectureTests\FinTech.ArchitectureTests.csproj", "{6AA16E29-5EE2-4750-9A79-98572CC182FC}"
EndProject
Project("{FAE04EC0-301F-11D3-BF4B-00C04F79EFBC}") = "FinTech.SharedKernel.UnitTests", "tests\FinTech.SharedKernel.UnitTests\FinTech.SharedKernel.UnitTests.csproj", "{90382ED9-1509-40BD-AE5A-2D865CBB0390}"
EndProject
Global
	GlobalSection(SolutionConfigurationPlatforms) = preSolution
		Debug|Any CPU = Debug|Any CPU
		Debug|x64 = Debug|x64
		Debug|x86 = Debug|x86
		Release|Any CPU = Release|Any CPU
		Release|x64 = Release|x64
		Release|x86 = Release|x86
	EndGlobalSection
	GlobalSection(ProjectConfigurationPlatforms) = postSolution
		{92D07833-4738-447D-88AB-0B2600DC5472}.Debug|Any CPU.ActiveCfg = Debug|Any CPU
		{92D07833-4738-447D-88AB-0B2600DC5472}.Debug|Any CPU.Build.0 = Debug|Any CPU
		{92D07833-4738-447D-88AB-0B2600DC5472}.Debug|x64.ActiveCfg = Debug|Any CPU
		{92D07833-4738-447D-88AB-0B2600DC5472}.Debug|x64.Build.0 = Debug|Any CPU
		{92D07833-4738-447D-88AB-0B2600DC5472}.Debug|x86.ActiveCfg = Debug|Any CPU
		{92D07833-4738-447D-88AB-0B2600DC5472}.Debug|x86.Build.0 = Debug|Any CPU
		{92D07833-4738-447D-88AB-0B2600DC5472}.Release|Any CPU.ActiveCfg = Release|Any CPU
		{92D07833-4738-447D-88AB-0B2600DC5472}.Release|Any CPU.Build.0 = Release|Any CPU
		{92D07833-4738-447D-88AB-0B2600DC5472}.Release|x64.ActiveCfg = Release|Any CPU
		{92D07833-4738-447D-88AB-0B2600DC5472}.Release|x64.Build.0 = Release|Any CPU
		{92D07833-4738-447D-88AB-0B2600DC5472}.Release|x86.ActiveCfg = Release|Any CPU
		{92D07833-4738-447D-88AB-0B2600DC5472}.Release|x86.Build.0 = Release|Any CPU
		{2D49DBB3-5164-4FA3-95AC-038A290988FC}.Debug|Any CPU.ActiveCfg = Debug|Any CPU
		{2D49DBB3-5164-4FA3-95AC-038A290988FC}.Debug|Any CPU.Build.0 = Debug|Any CPU
		{2D49DBB3-5164-4FA3-95AC-038A290988FC}.Debug|x64.ActiveCfg = Debug|Any CPU
		{2D49DBB3-5164-4FA3-95AC-038A290988FC}.Debug|x64.Build.0 = Debug|Any CPU
		{2D49DBB3-5164-4FA3-95AC-038A290988FC}.Debug|x86.ActiveCfg = Debug|Any CPU
		{2D49DBB3-5164-4FA3-95AC-038A290988FC}.Debug|x86.Build.0 = Debug|Any CPU
		{2D49DBB3-5164-4FA3-95AC-038A290988FC}.Release|Any CPU.ActiveCfg = Release|Any CPU
		{2D49DBB3-5164-4FA3-95AC-038A290988FC}.Release|Any CPU.Build.0 = Release|Any CPU
		{2D49DBB3-5164-4FA3-95AC-038A290988FC}.Release|x64.ActiveCfg = Release|Any CPU
		{2D49DBB3-5164-4FA3-95AC-038A290988FC}.Release|x64.Build.0 = Release|Any CPU
		{2D49DBB3-5164-4FA3-95AC-038A290988FC}.Release|x86.ActiveCfg = Release|Any CPU
		{2D49DBB3-5164-4FA3-95AC-038A290988FC}.Release|x86.Build.0 = Release|Any CPU
		{5405F162-05EC-4499-A632-50E5C9FCF6DE}.Debug|Any CPU.ActiveCfg = Debug|Any CPU
		{5405F162-05EC-4499-A632-50E5C9FCF6DE}.Debug|Any CPU.Build.0 = Debug|Any CPU
		{5405F162-05EC-4499-A632-50E5C9FCF6DE}.Debug|x64.ActiveCfg = Debug|Any CPU
		{5405F162-05EC-4499-A632-50E5C9FCF6DE}.Debug|x64.Build.0 = Debug|Any CPU
		{5405F162-05EC-4499-A632-50E5C9FCF6DE}.Debug|x86.ActiveCfg = Debug|Any CPU
		{5405F162-05EC-4499-A632-50E5C9FCF6DE}.Debug|x86.Build.0 = Debug|Any CPU
		{5405F162-05EC-4499-A632-50E5C9FCF6DE}.Release|Any CPU.ActiveCfg = Release|Any CPU
		{5405F162-05EC-4499-A632-50E5C9FCF6DE}.Release|Any CPU.Build.0 = Release|Any CPU
		{5405F162-05EC-4499-A632-50E5C9FCF6DE}.Release|x64.ActiveCfg = Release|Any CPU
		{5405F162-05EC-4499-A632-50E5C9FCF6DE}.Release|x64.Build.0 = Release|Any CPU
		{5405F162-05EC-4499-A632-50E5C9FCF6DE}.Release|x86.ActiveCfg = Release|Any CPU
		{5405F162-05EC-4499-A632-50E5C9FCF6DE}.Release|x86.Build.0 = Release|Any CPU
		{D7BD7C2E-E836-43E7-B2BA-29732D806071}.Debug|Any CPU.ActiveCfg = Debug|Any CPU
		{D7BD7C2E-E836-43E7-B2BA-29732D806071}.Debug|Any CPU.Build.0 = Debug|Any CPU
		{D7BD7C2E-E836-43E7-B2BA-29732D806071}.Debug|x64.ActiveCfg = Debug|Any CPU
		{D7BD7C2E-E836-43E7-B2BA-29732D806071}.Debug|x64.Build.0 = Debug|Any CPU
		{D7BD7C2E-E836-43E7-B2BA-29732D806071}.Debug|x86.ActiveCfg = Debug|Any CPU
		{D7BD7C2E-E836-43E7-B2BA-29732D806071}.Debug|x86.Build.0 = Debug|Any CPU
		{D7BD7C2E-E836-43E7-B2BA-29732D806071}.Release|Any CPU.ActiveCfg = Release|Any CPU
		{D7BD7C2E-E836-43E7-B2BA-29732D806071}.Release|Any CPU.Build.0 = Release|Any CPU
		{D7BD7C2E-E836-43E7-B2BA-29732D806071}.Release|x64.ActiveCfg = Release|Any CPU
		{D7BD7C2E-E836-43E7-B2BA-29732D806071}.Release|x64.Build.0 = Release|Any CPU
		{D7BD7C2E-E836-43E7-B2BA-29732D806071}.Release|x86.ActiveCfg = Release|Any CPU
		{D7BD7C2E-E836-43E7-B2BA-29732D806071}.Release|x86.Build.0 = Release|Any CPU
		{3330C079-BC0A-408C-9A5B-822291304746}.Debug|Any CPU.ActiveCfg = Debug|Any CPU
		{3330C079-BC0A-408C-9A5B-822291304746}.Debug|Any CPU.Build.0 = Debug|Any CPU
		{3330C079-BC0A-408C-9A5B-822291304746}.Debug|x64.ActiveCfg = Debug|Any CPU
		{3330C079-BC0A-408C-9A5B-822291304746}.Debug|x64.Build.0 = Debug|Any CPU
		{3330C079-BC0A-408C-9A5B-822291304746}.Debug|x86.ActiveCfg = Debug|Any CPU
		{3330C079-BC0A-408C-9A5B-822291304746}.Debug|x86.Build.0 = Debug|Any CPU
		{3330C079-BC0A-408C-9A5B-822291304746}.Release|Any CPU.ActiveCfg = Release|Any CPU
		{3330C079-BC0A-408C-9A5B-822291304746}.Release|Any CPU.Build.0 = Release|Any CPU
		{3330C079-BC0A-408C-9A5B-822291304746}.Release|x64.ActiveCfg = Release|Any CPU
		{3330C079-BC0A-408C-9A5B-822291304746}.Release|x64.Build.0 = Release|Any CPU
		{3330C079-BC0A-408C-9A5B-822291304746}.Release|x86.ActiveCfg = Release|Any CPU
		{3330C079-BC0A-408C-9A5B-822291304746}.Release|x86.Build.0 = Release|Any CPU
		{E65565F0-8173-4A2F-AAD3-98D21A1A727B}.Debug|Any CPU.ActiveCfg = Debug|Any CPU
		{E65565F0-8173-4A2F-AAD3-98D21A1A727B}.Debug|Any CPU.Build.0 = Debug|Any CPU
		{E65565F0-8173-4A2F-AAD3-98D21A1A727B}.Debug|x64.ActiveCfg = Debug|Any CPU
		{E65565F0-8173-4A2F-AAD3-98D21A1A727B}.Debug|x64.Build.0 = Debug|Any CPU
		{E65565F0-8173-4A2F-AAD3-98D21A1A727B}.Debug|x86.ActiveCfg = Debug|Any CPU
		{E65565F0-8173-4A2F-AAD3-98D21A1A727B}.Debug|x86.Build.0 = Debug|Any CPU
		{E65565F0-8173-4A2F-AAD3-98D21A1A727B}.Release|Any CPU.ActiveCfg = Release|Any CPU
		{E65565F0-8173-4A2F-AAD3-98D21A1A727B}.Release|Any CPU.Build.0 = Release|Any CPU
		{E65565F0-8173-4A2F-AAD3-98D21A1A727B}.Release|x64.ActiveCfg = Release|Any CPU
		{E65565F0-8173-4A2F-AAD3-98D21A1A727B}.Release|x64.Build.0 = Release|Any CPU
		{E65565F0-8173-4A2F-AAD3-98D21A1A727B}.Release|x86.ActiveCfg = Release|Any CPU
		{E65565F0-8173-4A2F-AAD3-98D21A1A727B}.Release|x86.Build.0 = Release|Any CPU
		{6354AF2E-5E75-44C3-B742-5EA97F6D0978}.Debug|Any CPU.ActiveCfg = Debug|Any CPU
		{6354AF2E-5E75-44C3-B742-5EA97F6D0978}.Debug|Any CPU.Build.0 = Debug|Any CPU
		{6354AF2E-5E75-44C3-B742-5EA97F6D0978}.Debug|x64.ActiveCfg = Debug|Any CPU
		{6354AF2E-5E75-44C3-B742-5EA97F6D0978}.Debug|x64.Build.0 = Debug|Any CPU
		{6354AF2E-5E75-44C3-B742-5EA97F6D0978}.Debug|x86.ActiveCfg = Debug|Any CPU
		{6354AF2E-5E75-44C3-B742-5EA97F6D0978}.Debug|x86.Build.0 = Debug|Any CPU
		{6354AF2E-5E75-44C3-B742-5EA97F6D0978}.Release|Any CPU.ActiveCfg = Release|Any CPU
		{6354AF2E-5E75-44C3-B742-5EA97F6D0978}.Release|Any CPU.Build.0 = Release|Any CPU
		{6354AF2E-5E75-44C3-B742-5EA97F6D0978}.Release|x64.ActiveCfg = Release|Any CPU
		{6354AF2E-5E75-44C3-B742-5EA97F6D0978}.Release|x64.Build.0 = Release|Any CPU
		{6354AF2E-5E75-44C3-B742-5EA97F6D0978}.Release|x86.ActiveCfg = Release|Any CPU
		{6354AF2E-5E75-44C3-B742-5EA97F6D0978}.Release|x86.Build.0 = Release|Any CPU
		{91FF5FB0-73D0-4CC1-ADA2-BDBDE82F53AC}.Debug|Any CPU.ActiveCfg = Debug|Any CPU
		{91FF5FB0-73D0-4CC1-ADA2-BDBDE82F53AC}.Debug|Any CPU.Build.0 = Debug|Any CPU
		{91FF5FB0-73D0-4CC1-ADA2-BDBDE82F53AC}.Debug|x64.ActiveCfg = Debug|Any CPU
		{91FF5FB0-73D0-4CC1-ADA2-BDBDE82F53AC}.Debug|x64.Build.0 = Debug|Any CPU
		{91FF5FB0-73D0-4CC1-ADA2-BDBDE82F53AC}.Debug|x86.ActiveCfg = Debug|Any CPU
		{91FF5FB0-73D0-4CC1-ADA2-BDBDE82F53AC}.Debug|x86.Build.0 = Debug|Any CPU
		{91FF5FB0-73D0-4CC1-ADA2-BDBDE82F53AC}.Release|Any CPU.ActiveCfg = Release|Any CPU
		{91FF5FB0-73D0-4CC1-ADA2-BDBDE82F53AC}.Release|Any CPU.Build.0 = Release|Any CPU
		{91FF5FB0-73D0-4CC1-ADA2-BDBDE82F53AC}.Release|x64.ActiveCfg = Release|Any CPU
		{91FF5FB0-73D0-4CC1-ADA2-BDBDE82F53AC}.Release|x64.Build.0 = Release|Any CPU
		{91FF5FB0-73D0-4CC1-ADA2-BDBDE82F53AC}.Release|x86.ActiveCfg = Release|Any CPU
		{91FF5FB0-73D0-4CC1-ADA2-BDBDE82F53AC}.Release|x86.Build.0 = Release|Any CPU
		{2FBF471D-1181-4DBD-A558-9E3779EDC0BC}.Debug|Any CPU.ActiveCfg = Debug|Any CPU
		{2FBF471D-1181-4DBD-A558-9E3779EDC0BC}.Debug|Any CPU.Build.0 = Debug|Any CPU
		{2FBF471D-1181-4DBD-A558-9E3779EDC0BC}.Debug|x64.ActiveCfg = Debug|Any CPU
		{2FBF471D-1181-4DBD-A558-9E3779EDC0BC}.Debug|x64.Build.0 = Debug|Any CPU
		{2FBF471D-1181-4DBD-A558-9E3779EDC0BC}.Debug|x86.ActiveCfg = Debug|Any CPU
		{2FBF471D-1181-4DBD-A558-9E3779EDC0BC}.Debug|x86.Build.0 = Debug|Any CPU
		{2FBF471D-1181-4DBD-A558-9E3779EDC0BC}.Release|Any CPU.ActiveCfg = Release|Any CPU
		{2FBF471D-1181-4DBD-A558-9E3779EDC0BC}.Release|Any CPU.Build.0 = Release|Any CPU
		{2FBF471D-1181-4DBD-A558-9E3779EDC0BC}.Release|x64.ActiveCfg = Release|Any CPU
		{2FBF471D-1181-4DBD-A558-9E3779EDC0BC}.Release|x64.Build.0 = Release|Any CPU
		{2FBF471D-1181-4DBD-A558-9E3779EDC0BC}.Release|x86.ActiveCfg = Release|Any CPU
		{2FBF471D-1181-4DBD-A558-9E3779EDC0BC}.Release|x86.Build.0 = Release|Any CPU
		{5D8D3DFF-24D4-468C-8629-372C93609ED2}.Debug|Any CPU.ActiveCfg = Debug|Any CPU
		{5D8D3DFF-24D4-468C-8629-372C93609ED2}.Debug|Any CPU.Build.0 = Debug|Any CPU
		{5D8D3DFF-24D4-468C-8629-372C93609ED2}.Debug|x64.ActiveCfg = Debug|Any CPU
		{5D8D3DFF-24D4-468C-8629-372C93609ED2}.Debug|x64.Build.0 = Debug|Any CPU
		{5D8D3DFF-24D4-468C-8629-372C93609ED2}.Debug|x86.ActiveCfg = Debug|Any CPU
		{5D8D3DFF-24D4-468C-8629-372C93609ED2}.Debug|x86.Build.0 = Debug|Any CPU
		{5D8D3DFF-24D4-468C-8629-372C93609ED2}.Release|Any CPU.ActiveCfg = Release|Any CPU
		{5D8D3DFF-24D4-468C-8629-372C93609ED2}.Release|Any CPU.Build.0 = Release|Any CPU
		{5D8D3DFF-24D4-468C-8629-372C93609ED2}.Release|x64.ActiveCfg = Release|Any CPU
		{5D8D3DFF-24D4-468C-8629-372C93609ED2}.Release|x64.Build.0 = Release|Any CPU
		{5D8D3DFF-24D4-468C-8629-372C93609ED2}.Release|x86.ActiveCfg = Release|Any CPU
		{5D8D3DFF-24D4-468C-8629-372C93609ED2}.Release|x86.Build.0 = Release|Any CPU
		{637798C2-BD9A-4642-8489-D4C1E250F64A}.Debug|Any CPU.ActiveCfg = Debug|Any CPU
		{637798C2-BD9A-4642-8489-D4C1E250F64A}.Debug|Any CPU.Build.0 = Debug|Any CPU
		{637798C2-BD9A-4642-8489-D4C1E250F64A}.Debug|x64.ActiveCfg = Debug|Any CPU
		{637798C2-BD9A-4642-8489-D4C1E250F64A}.Debug|x64.Build.0 = Debug|Any CPU
		{637798C2-BD9A-4642-8489-D4C1E250F64A}.Debug|x86.ActiveCfg = Debug|Any CPU
		{637798C2-BD9A-4642-8489-D4C1E250F64A}.Debug|x86.Build.0 = Debug|Any CPU
		{637798C2-BD9A-4642-8489-D4C1E250F64A}.Release|Any CPU.ActiveCfg = Release|Any CPU
		{637798C2-BD9A-4642-8489-D4C1E250F64A}.Release|Any CPU.Build.0 = Release|Any CPU
		{637798C2-BD9A-4642-8489-D4C1E250F64A}.Release|x64.ActiveCfg = Release|Any CPU
		{637798C2-BD9A-4642-8489-D4C1E250F64A}.Release|x64.Build.0 = Release|Any CPU
		{637798C2-BD9A-4642-8489-D4C1E250F64A}.Release|x86.ActiveCfg = Release|Any CPU
		{637798C2-BD9A-4642-8489-D4C1E250F64A}.Release|x86.Build.0 = Release|Any CPU
		{6AA16E29-5EE2-4750-9A79-98572CC182FC}.Debug|Any CPU.ActiveCfg = Debug|Any CPU
		{6AA16E29-5EE2-4750-9A79-98572CC182FC}.Debug|Any CPU.Build.0 = Debug|Any CPU
		{6AA16E29-5EE2-4750-9A79-98572CC182FC}.Debug|x64.ActiveCfg = Debug|Any CPU
		{6AA16E29-5EE2-4750-9A79-98572CC182FC}.Debug|x64.Build.0 = Debug|Any CPU
		{6AA16E29-5EE2-4750-9A79-98572CC182FC}.Debug|x86.ActiveCfg = Debug|Any CPU
		{6AA16E29-5EE2-4750-9A79-98572CC182FC}.Debug|x86.Build.0 = Debug|Any CPU
		{6AA16E29-5EE2-4750-9A79-98572CC182FC}.Release|Any CPU.ActiveCfg = Release|Any CPU
		{6AA16E29-5EE2-4750-9A79-98572CC182FC}.Release|Any CPU.Build.0 = Release|Any CPU
		{6AA16E29-5EE2-4750-9A79-98572CC182FC}.Release|x64.ActiveCfg = Release|Any CPU
		{6AA16E29-5EE2-4750-9A79-98572CC182FC}.Release|x64.Build.0 = Release|Any CPU
		{6AA16E29-5EE2-4750-9A79-98572CC182FC}.Release|x86.ActiveCfg = Release|Any CPU
		{6AA16E29-5EE2-4750-9A79-98572CC182FC}.Release|x86.Build.0 = Release|Any CPU
		{90382ED9-1509-40BD-AE5A-2D865CBB0390}.Debug|Any CPU.ActiveCfg = Debug|Any CPU
		{90382ED9-1509-40BD-AE5A-2D865CBB0390}.Debug|Any CPU.Build.0 = Debug|Any CPU
		{90382ED9-1509-40BD-AE5A-2D865CBB0390}.Debug|x64.ActiveCfg = Debug|Any CPU
		{90382ED9-1509-40BD-AE5A-2D865CBB0390}.Debug|x64.Build.0 = Debug|Any CPU
		{90382ED9-1509-40BD-AE5A-2D865CBB0390}.Debug|x86.ActiveCfg = Debug|Any CPU
		{90382ED9-1509-40BD-AE5A-2D865CBB0390}.Debug|x86.Build.0 = Debug|Any CPU
		{90382ED9-1509-40BD-AE5A-2D865CBB0390}.Release|Any CPU.ActiveCfg = Release|Any CPU
		{90382ED9-1509-40BD-AE5A-2D865CBB0390}.Release|Any CPU.Build.0 = Release|Any CPU
		{90382ED9-1509-40BD-AE5A-2D865CBB0390}.Release|x64.ActiveCfg = Release|Any CPU
		{90382ED9-1509-40BD-AE5A-2D865CBB0390}.Release|x64.Build.0 = Release|Any CPU
		{90382ED9-1509-40BD-AE5A-2D865CBB0390}.Release|x86.ActiveCfg = Release|Any CPU
		{90382ED9-1509-40BD-AE5A-2D865CBB0390}.Release|x86.Build.0 = Release|Any CPU
	EndGlobalSection
	GlobalSection(SolutionProperties) = preSolution
		HideSolutionNode = FALSE
	EndGlobalSection
	GlobalSection(NestedProjects) = preSolution
		{90298CBA-BD6F-3A0A-69D5-97CAD7B05E7E} = {827E0CD3-B72D-47B6-A68D-7590B98EB39B}
		{92D07833-4738-447D-88AB-0B2600DC5472} = {90298CBA-BD6F-3A0A-69D5-97CAD7B05E7E}
		{2D49DBB3-5164-4FA3-95AC-038A290988FC} = {90298CBA-BD6F-3A0A-69D5-97CAD7B05E7E}
		{5405F162-05EC-4499-A632-50E5C9FCF6DE} = {90298CBA-BD6F-3A0A-69D5-97CAD7B05E7E}
		{D7BD7C2E-E836-43E7-B2BA-29732D806071} = {90298CBA-BD6F-3A0A-69D5-97CAD7B05E7E}
		{C79C3622-AC92-5B3C-4F71-0BD0E7B3816F} = {827E0CD3-B72D-47B6-A68D-7590B98EB39B}
		{3330C079-BC0A-408C-9A5B-822291304746} = {C79C3622-AC92-5B3C-4F71-0BD0E7B3816F}
		{E65565F0-8173-4A2F-AAD3-98D21A1A727B} = {C79C3622-AC92-5B3C-4F71-0BD0E7B3816F}
		{EC447DCF-ABFA-6E24-52A5-D7FD48A5C558} = {827E0CD3-B72D-47B6-A68D-7590B98EB39B}
		{94CA1A96-709C-708D-86F4-C17510E77C63} = {EC447DCF-ABFA-6E24-52A5-D7FD48A5C558}
		{6354AF2E-5E75-44C3-B742-5EA97F6D0978} = {94CA1A96-709C-708D-86F4-C17510E77C63}
		{91FF5FB0-73D0-4CC1-ADA2-BDBDE82F53AC} = {94CA1A96-709C-708D-86F4-C17510E77C63}
		{2FBF471D-1181-4DBD-A558-9E3779EDC0BC} = {94CA1A96-709C-708D-86F4-C17510E77C63}
		{5D8D3DFF-24D4-468C-8629-372C93609ED2} = {94CA1A96-709C-708D-86F4-C17510E77C63}
		{637798C2-BD9A-4642-8489-D4C1E250F64A} = {94CA1A96-709C-708D-86F4-C17510E77C63}
		{6AA16E29-5EE2-4750-9A79-98572CC182FC} = {0AB3BF05-4346-4AA6-1389-037BE0695223}
		{90382ED9-1509-40BD-AE5A-2D865CBB0390} = {0AB3BF05-4346-4AA6-1389-037BE0695223}
	EndGlobalSection
EndGlobal
