
Microsoft Visual Studio Solution File, Format Version 12.00
# Visual Studio Version 17
VisualStudioVersion = 17.0.31903.59
MinimumVisualStudioVersion = 10.0.40219.1
Project("{2150E333-8FDC-42A3-9474-1A3956D46DE8}") = "src", "src", "{827E0CD3-B72D-47B6-A68D-7590B98EB39B}"
EndProject
Project("{2150E333-8FDC-42A3-9474-1A3956D46DE8}") = "BuildingBlocks", "BuildingBlocks", "{90298CBA-BD6F-3A0A-69D5-97CAD7B05E7E}"
EndProject
Project("{FAE04EC0-301F-11D3-BF4B-00C04F79EFBC}") = "FinTech.SharedKernel", "src\BuildingBlocks\FinTech.SharedKernel\FinTech.SharedKernel.csproj", "{D7BD7C2E-E836-43E7-B2BA-29732D806071}"
EndProject
Project("{2150E333-8FDC-42A3-9474-1A3956D46DE8}") = "Hosts", "Hosts", "{C79C3622-AC92-5B3C-4F71-0BD0E7B3816F}"
EndProject
Project("{FAE04EC0-301F-11D3-BF4B-00C04F79EFBC}") = "FinTech.Api", "src\Hosts\FinTech.Api\FinTech.Api.csproj", "{3330C079-BC0A-408C-9A5B-822291304746}"
EndProject
Project("{FAE04EC0-301F-11D3-BF4B-00C04F79EFBC}") = "FinTech.Worker", "src\Hosts\FinTech.Worker\FinTech.Worker.csproj", "{E65565F0-8173-4A2F-AAD3-98D21A1A727B}"
EndProject
Project("{2150E333-8FDC-42A3-9474-1A3956D46DE8}") = "Modules", "Modules", "{EC447DCF-ABFA-6E24-52A5-D7FD48A5C558}"
EndProject
Project("{2150E333-8FDC-42A3-9474-1A3956D46DE8}") = "Ledger", "Ledger", "{94CA1A96-709C-708D-86F4-C17510E77C63}"
EndProject
Project("{FAE04EC0-301F-11D3-BF4B-00C04F79EFBC}") = "FinTech.Modules.Ledger.Contracts", "src\Modules\Ledger\FinTech.Modules.Ledger.Contracts\FinTech.Modules.Ledger.Contracts.csproj", "{91FF5FB0-73D0-4CC1-ADA2-BDBDE82F53AC}"
EndProject
Project("{2150E333-8FDC-42A3-9474-1A3956D46DE8}") = "tests", "tests", "{0AB3BF05-4346-4AA6-1389-037BE0695223}"
EndProject
Project("{FAE04EC0-301F-11D3-BF4B-00C04F79EFBC}") = "FinTech.ArchitectureTests", "tests\FinTech.ArchitectureTests\FinTech.ArchitectureTests.csproj", "{6AA16E29-5EE2-4750-9A79-98572CC182FC}"
EndProject
Project("{FAE04EC0-301F-11D3-BF4B-00C04F79EFBC}") = "FinTech.SharedKernel.UnitTests", "tests\FinTech.SharedKernel.UnitTests\FinTech.SharedKernel.UnitTests.csproj", "{90382ED9-1509-40BD-AE5A-2D865CBB0390}"
EndProject
Project("{FAE04EC0-301F-11D3-BF4B-00C04F79EFBC}") = "FinTech.Modules.Ledger", "src\Modules\Ledger\FinTech.Modules.Ledger\FinTech.Modules.Ledger.csproj", "{D522BBF3-63C0-4359-8926-47B22DB0A6D4}"
EndProject
Project("{2150E333-8FDC-42A3-9474-1A3956D46DE8}") = "Modules", "Modules", "{CA253913-39DE-BFD0-C9A3-4B7EC6FBDF17}"
EndProject
Project("{2150E333-8FDC-42A3-9474-1A3956D46DE8}") = "Identity", "Identity", "{293C06CD-4E17-48BD-9F3B-B5ADDFFA9425}"
EndProject
Project("{FAE04EC0-301F-11D3-BF4B-00C04F79EFBC}") = "FinTech.Modules.Identity", "src\Modules\Identity\FinTech.Modules.Identity\FinTech.Modules.Identity.csproj", "{5695995A-1322-44EA-8C23-16EC8F40D3E3}"
EndProject
Project("{FAE04EC0-301F-11D3-BF4B-00C04F79EFBC}") = "FinTech.Modules.Identity.Contracts", "src\Modules\Identity\FinTech.Modules.Identity.Contracts\FinTech.Modules.Identity.Contracts.csproj", "{85016B09-B785-40FD-A340-55494B51C51F}"
EndProject
Global
	GlobalSection(SolutionConfigurationPlatforms) = preSolution
		Debug|Any CPU = Debug|Any CPU
		Debug|x64 = Debug|x64
		Debug|x86 = Debug|x86
		Release|Any CPU = Release|Any CPU
		Release|x64 = Release|x64
		Release|x86 = Release|x86
	EndGlobalSection
	GlobalSection(ProjectConfigurationPlatforms) = postSolution
		{D7BD7C2E-E836-43E7-B2BA-29732D806071}.Debug|Any CPU.ActiveCfg = Debug|Any CPU
		{D7BD7C2E-E836-43E7-B2BA-29732D806071}.Debug|Any CPU.Build.0 = Debug|Any CPU
		{D7BD7C2E-E836-43E7-B2BA-29732D806071}.Debug|x64.ActiveCfg = Debug|Any CPU
		{D7BD7C2E-E836-43E7-B2BA-29732D806071}.Debug|x64.Build.0 = Debug|Any CPU
		{D7BD7C2E-E836-43E7-B2BA-29732D806071}.Debug|x86.ActiveCfg = Debug|Any CPU
		{D7BD7C2E-E836-43E7-B2BA-29732D806071}.Debug|x86.Build.0 = Debug|Any CPU
		{D7BD7C2E-E836-43E7-B2BA-29732D806071}.Release|Any CPU.ActiveCfg = Release|Any CPU
		{D7BD7C2E-E836-43E7-B2BA-29732D806071}.Release|Any CPU.Build.0 = Release|Any CPU
		{D7BD7C2E-E836-43E7-B2BA-29732D806071}.Release|x64.ActiveCfg = Release|Any CPU
		{D7BD7C2E-E836-43E7-B2BA-29732D806071}.Release|x64.Build.0 = Release|Any CPU
		{D7BD7C2E-E836-43E7-B2BA-29732D806071}.Release|x86.ActiveCfg = Release|Any CPU
		{D7BD7C2E-E836-43E7-B2BA-29732D806071}.Release|x86.Build.0 = Release|Any CPU
		{3330C079-BC0A-408C-9A5B-822291304746}.Debug|Any CPU.ActiveCfg = Debug|Any CPU
		{3330C079-BC0A-408C-9A5B-822291304746}.Debug|Any CPU.Build.0 = Debug|Any CPU
		{3330C079-BC0A-408C-9A5B-822291304746}.Debug|x64.ActiveCfg = Debug|Any CPU
		{3330C079-BC0A-408C-9A5B-822291304746}.Debug|x64.Build.0 = Debug|Any CPU
		{3330C079-BC0A-408C-9A5B-822291304746}.Debug|x86.ActiveCfg = Debug|Any CPU
		{3330C079-BC0A-408C-9A5B-822291304746}.Debug|x86.Build.0 = Debug|Any CPU
		{3330C079-BC0A-408C-9A5B-822291304746}.Release|Any CPU.ActiveCfg = Release|Any CPU
		{3330C079-BC0A-408C-9A5B-822291304746}.Release|Any CPU.Build.0 = Release|Any CPU
		{3330C079-BC0A-408C-9A5B-822291304746}.Release|x64.ActiveCfg = Release|Any CPU
		{3330C079-BC0A-408C-9A5B-822291304746}.Release|x64.Build.0 = Release|Any CPU
		{3330C079-BC0A-408C-9A5B-822291304746}.Release|x86.ActiveCfg = Release|Any CPU
		{3330C079-BC0A-408C-9A5B-822291304746}.Release|x86.Build.0 = Release|Any CPU
		{E65565F0-8173-4A2F-AAD3-98D21A1A727B}.Debug|Any CPU.ActiveCfg = Debug|Any CPU
		{E65565F0-8173-4A2F-AAD3-98D21A1A727B}.Debug|Any CPU.Build.0 = Debug|Any CPU
		{E65565F0-8173-4A2F-AAD3-98D21A1A727B}.Debug|x64.ActiveCfg = Debug|Any CPU
		{E65565F0-8173-4A2F-AAD3-98D21A1A727B}.Debug|x64.Build.0 = Debug|Any CPU
		{E65565F0-8173-4A2F-AAD3-98D21A1A727B}.Debug|x86.ActiveCfg = Debug|Any CPU
		{E65565F0-8173-4A2F-AAD3-98D21A1A727B}.Debug|x86.Build.0 = Debug|Any CPU
		{E65565F0-8173-4A2F-AAD3-98D21A1A727B}.Release|Any CPU.ActiveCfg = Release|Any CPU
		{E65565F0-8173-4A2F-AAD3-98D21A1A727B}.Release|Any CPU.Build.0 = Release|Any CPU
		{E65565F0-8173-4A2F-AAD3-98D21A1A727B}.Release|x64.ActiveCfg = Release|Any CPU
		{E65565F0-8173-4A2F-AAD3-98D21A1A727B}.Release|x64.Build.0 = Release|Any CPU
		{E65565F0-8173-4A2F-AAD3-98D21A1A727B}.Release|x86.ActiveCfg = Release|Any CPU
		{E65565F0-8173-4A2F-AAD3-98D21A1A727B}.Release|x86.Build.0 = Release|Any CPU
		{91FF5FB0-73D0-4CC1-ADA2-BDBDE82F53AC}.Debug|Any CPU.ActiveCfg = Debug|Any CPU
		{91FF5FB0-73D0-4CC1-ADA2-BDBDE82F53AC}.Debug|Any CPU.Build.0 = Debug|Any CPU
		{91FF5FB0-73D0-4CC1-ADA2-BDBDE82F53AC}.Debug|x64.ActiveCfg = Debug|Any CPU
		{91FF5FB0-73D0-4CC1-ADA2-BDBDE82F53AC}.Debug|x64.Build.0 = Debug|Any CPU
		{91FF5FB0-73D0-4CC1-ADA2-BDBDE82F53AC}.Debug|x86.ActiveCfg = Debug|Any CPU
		{91FF5FB0-73D0-4CC1-ADA2-BDBDE82F53AC}.Debug|x86.Build.0 = Debug|Any CPU
		{91FF5FB0-73D0-4CC1-ADA2-BDBDE82F53AC}.Release|Any CPU.ActiveCfg = Release|Any CPU
		{91FF5FB0-73D0-4CC1-ADA2-BDBDE82F53AC}.Release|Any CPU.Build.0 = Release|Any CPU
		{91FF5FB0-73D0-4CC1-ADA2-BDBDE82F53AC}.Release|x64.ActiveCfg = Release|Any CPU
		{91FF5FB0-73D0-4CC1-ADA2-BDBDE82F53AC}.Release|x64.Build.0 = Release|Any CPU
		{91FF5FB0-73D0-4CC1-ADA2-BDBDE82F53AC}.Release|x86.ActiveCfg = Release|Any CPU
		{91FF5FB0-73D0-4CC1-ADA2-BDBDE82F53AC}.Release|x86.Build.0 = Release|Any CPU
		{6AA16E29-5EE2-4750-9A79-98572CC182FC}.Debug|Any CPU.ActiveCfg = Debug|Any CPU
		{6AA16E29-5EE2-4750-9A79-98572CC182FC}.Debug|Any CPU.Build.0 = Debug|Any CPU
		{6AA16E29-5EE2-4750-9A79-98572CC182FC}.Debug|x64.ActiveCfg = Debug|Any CPU
		{6AA16E29-5EE2-4750-9A79-98572CC182FC}.Debug|x64.Build.0 = Debug|Any CPU
		{6AA16E29-5EE2-4750-9A79-98572CC182FC}.Debug|x86.ActiveCfg = Debug|Any CPU
		{6AA16E29-5EE2-4750-9A79-98572CC182FC}.Debug|x86.Build.0 = Debug|Any CPU
		{6AA16E29-5EE2-4750-9A79-98572CC182FC}.Release|Any CPU.ActiveCfg = Release|Any CPU
		{6AA16E29-5EE2-4750-9A79-98572CC182FC}.Release|Any CPU.Build.0 = Release|Any CPU
		{6AA16E29-5EE2-4750-9A79-98572CC182FC}.Release|x64.ActiveCfg = Release|Any CPU
		{6AA16E29-5EE2-4750-9A79-98572CC182FC}.Release|x64.Build.0 = Release|Any CPU
		{6AA16E29-5EE2-4750-9A79-98572CC182FC}.Release|x86.ActiveCfg = Release|Any CPU
		{6AA16E29-5EE2-4750-9A79-98572CC182FC}.Release|x86.Build.0 = Release|Any CPU
		{90382ED9-1509-40BD-AE5A-2D865CBB0390}.Debug|Any CPU.ActiveCfg = Debug|Any CPU
		{90382ED9-1509-40BD-AE5A-2D865CBB0390}.Debug|Any CPU.Build.0 = Debug|Any CPU
		{90382ED9-1509-40BD-AE5A-2D865CBB0390}.Debug|x64.ActiveCfg = Debug|Any CPU
		{90382ED9-1509-40BD-AE5A-2D865CBB0390}.Debug|x64.Build.0 = Debug|Any CPU
		{90382ED9-1509-40BD-AE5A-2D865CBB0390}.Debug|x86.ActiveCfg = Debug|Any CPU
		{90382ED9-1509-40BD-AE5A-2D865CBB0390}.Debug|x86.Build.0 = Debug|Any CPU
		{90382ED9-1509-40BD-AE5A-2D865CBB0390}.Release|Any CPU.ActiveCfg = Release|Any CPU
		{90382ED9-1509-40BD-AE5A-2D865CBB0390}.Release|Any CPU.Build.0 = Release|Any CPU
		{90382ED9-1509-40BD-AE5A-2D865CBB0390}.Release|x64.ActiveCfg = Release|Any CPU
		{90382ED9-1509-40BD-AE5A-2D865CBB0390}.Release|x64.Build.0 = Release|Any CPU
		{90382ED9-1509-40BD-AE5A-2D865CBB0390}.Release|x86.ActiveCfg = Release|Any CPU
		{90382ED9-1509-40BD-AE5A-2D865CBB0390}.Release|x86.Build.0 = Release|Any CPU
		{D522BBF3-63C0-4359-8926-47B22DB0A6D4}.Debug|Any CPU.ActiveCfg = Debug|Any CPU
		{D522BBF3-63C0-4359-8926-47B22DB0A6D4}.Debug|Any CPU.Build.0 = Debug|Any CPU
		{D522BBF3-63C0-4359-8926-47B22DB0A6D4}.Debug|x64.ActiveCfg = Debug|Any CPU
		{D522BBF3-63C0-4359-8926-47B22DB0A6D4}.Debug|x64.Build.0 = Debug|Any CPU
		{D522BBF3-63C0-4359-8926-47B22DB0A6D4}.Debug|x86.ActiveCfg = Debug|Any CPU
		{D522BBF3-63C0-4359-8926-47B22DB0A6D4}.Debug|x86.Build.0 = Debug|Any CPU
		{D522BBF3-63C0-4359-8926-47B22DB0A6D4}.Release|Any CPU.ActiveCfg = Release|Any CPU
		{D522BBF3-63C0-4359-8926-47B22DB0A6D4}.Release|Any CPU.Build.0 = Release|Any CPU
		{D522BBF3-63C0-4359-8926-47B22DB0A6D4}.Release|x64.ActiveCfg = Release|Any CPU
		{D522BBF3-63C0-4359-8926-47B22DB0A6D4}.Release|x64.Build.0 = Release|Any CPU
		{D522BBF3-63C0-4359-8926-47B22DB0A6D4}.Release|x86.ActiveCfg = Release|Any CPU
		{D522BBF3-63C0-4359-8926-47B22DB0A6D4}.Release|x86.Build.0 = Release|Any CPU
		{5695995A-1322-44EA-8C23-16EC8F40D3E3}.Debug|Any CPU.ActiveCfg = Debug|Any CPU
		{5695995A-1322-44EA-8C23-16EC8F40D3E3}.Debug|Any CPU.Build.0 = Debug|Any CPU
		{5695995A-1322-44EA-8C23-16EC8F40D3E3}.Debug|x64.ActiveCfg = Debug|Any CPU
		{5695995A-1322-44EA-8C23-16EC8F40D3E3}.Debug|x64.Build.0 = Debug|Any CPU
		{5695995A-1322-44EA-8C23-16EC8F40D3E3}.Debug|x86.ActiveCfg = Debug|Any CPU
		{5695995A-1322-44EA-8C23-16EC8F40D3E3}.Debug|x86.Build.0 = Debug|Any CPU
		{5695995A-1322-44EA-8C23-16EC8F40D3E3}.Release|Any CPU.ActiveCfg = Release|Any CPU
		{5695995A-1322-44EA-8C23-16EC8F40D3E3}.Release|Any CPU.Build.0 = Release|Any CPU
		{5695995A-1322-44EA-8C23-16EC8F40D3E3}.Release|x64.ActiveCfg = Release|Any CPU
		{5695995A-1322-44EA-8C23-16EC8F40D3E3}.Release|x64.Build.0 = Release|Any CPU
		{5695995A-1322-44EA-8C23-16EC8F40D3E3}.Release|x86.ActiveCfg = Release|Any CPU
		{5695995A-1322-44EA-8C23-16EC8F40D3E3}.Release|x86.Build.0 = Release|Any CPU
		{85016B09-B785-40FD-A340-55494B51C51F}.Debug|Any CPU.ActiveCfg = Debug|Any CPU
		{85016B09-B785-40FD-A340-55494B51C51F}.Debug|Any CPU.Build.0 = Debug|Any CPU
		{85016B09-B785-40FD-A340-55494B51C51F}.Debug|x64.ActiveCfg = Debug|Any CPU
		{85016B09-B785-40FD-A340-55494B51C51F}.Debug|x64.Build.0 = Debug|Any CPU
		{85016B09-B785-40FD-A340-55494B51C51F}.Debug|x86.ActiveCfg = Debug|Any CPU
		{85016B09-B785-40FD-A340-55494B51C51F}.Debug|x86.Build.0 = Debug|Any CPU
		{85016B09-B785-40FD-A340-55494B51C51F}.Release|Any CPU.ActiveCfg = Release|Any CPU
		{85016B09-B785-40FD-A340-55494B51C51F}.Release|Any CPU.Build.0 = Release|Any CPU
		{85016B09-B785-40FD-A340-55494B51C51F}.Release|x64.ActiveCfg = Release|Any CPU
		{85016B09-B785-40FD-A340-55494B51C51F}.Release|x64.Build.0 = Release|Any CPU
		{85016B09-B785-40FD-A340-55494B51C51F}.Release|x86.ActiveCfg = Release|Any CPU
		{85016B09-B785-40FD-A340-55494B51C51F}.Release|x86.Build.0 = Release|Any CPU
	EndGlobalSection
	GlobalSection(SolutionProperties) = preSolution
		HideSolutionNode = FALSE
	EndGlobalSection
	GlobalSection(NestedProjects) = preSolution
		{90298CBA-BD6F-3A0A-69D5-97CAD7B05E7E} = {827E0CD3-B72D-47B6-A68D-7590B98EB39B}
		{D7BD7C2E-E836-43E7-B2BA-29732D806071} = {90298CBA-BD6F-3A0A-69D5-97CAD7B05E7E}
		{C79C3622-AC92-5B3C-4F71-0BD0E7B3816F} = {827E0CD3-B72D-47B6-A68D-7590B98EB39B}
		{3330C079-BC0A-408C-9A5B-822291304746} = {C79C3622-AC92-5B3C-4F71-0BD0E7B3816F}
		{E65565F0-8173-4A2F-AAD3-98D21A1A727B} = {C79C3622-AC92-5B3C-4F71-0BD0E7B3816F}
		{EC447DCF-ABFA-6E24-52A5-D7FD48A5C558} = {827E0CD3-B72D-47B6-A68D-7590B98EB39B}
		{94CA1A96-709C-708D-86F4-C17510E77C63} = {EC447DCF-ABFA-6E24-52A5-D7FD48A5C558}
		{91FF5FB0-73D0-4CC1-ADA2-BDBDE82F53AC} = {94CA1A96-709C-708D-86F4-C17510E77C63}
		{6AA16E29-5EE2-4750-9A79-98572CC182FC} = {0AB3BF05-4346-4AA6-1389-037BE0695223}
		{90382ED9-1509-40BD-AE5A-2D865CBB0390} = {0AB3BF05-4346-4AA6-1389-037BE0695223}
		{D522BBF3-63C0-4359-8926-47B22DB0A6D4} = {94CA1A96-709C-708D-86F4-C17510E77C63}
		{293C06CD-4E17-48BD-9F3B-B5ADDFFA9425} = {CA253913-39DE-BFD0-C9A3-4B7EC6FBDF17}
		{5695995A-1322-44EA-8C23-16EC8F40D3E3} = {293C06CD-4E17-48BD-9F3B-B5ADDFFA9425}
		{85016B09-B785-40FD-A340-55494B51C51F} = {293C06CD-4E17-48BD-9F3B-B5ADDFFA9425}
	EndGlobalSection
EndGlobal
